
Microsoft Visual Studio Solution File, Format Version 12.00
# Visual Studio Version 16
VisualStudioVersion = 16.0.30517.126
MinimumVisualStudioVersion = 10.0.40219.1
Project("{9A19103F-16F7-4668-BE54-9A1E7A4F7556}") = "Grpc.Client", "Grpc.Client\Grpc.Client.csproj", "{7D9006FD-34ED-4D15-ABE5-CDD68AE34490}"
EndProject
Project("{9A19103F-16F7-4668-BE54-9A1E7A4F7556}") = "Gprc.Server", "Grpc.Server\Gprc.Server.csproj", "{94EC6806-A408-4C2B-ABE0-316C2B9463A7}"
EndProject
Global
	GlobalSection(SolutionConfigurationPlatforms) = preSolution
		Debug|Any CPU = Debug|Any CPU
		Release|Any CPU = Release|Any CPU
	EndGlobalSection
	GlobalSection(ProjectConfigurationPlatforms) = postSolution
		{7D9006FD-34ED-4D15-ABE5-CDD68AE34490}.Debug|Any CPU.ActiveCfg = Debug|Any CPU
		{7D9006FD-34ED-4D15-ABE5-CDD68AE34490}.Debug|Any CPU.Build.0 = Debug|Any CPU
		{7D9006FD-34ED-4D15-ABE5-CDD68AE34490}.Release|Any CPU.ActiveCfg = Release|Any CPU
		{7D9006FD-34ED-4D15-ABE5-CDD68AE34490}.Release|Any CPU.Build.0 = Release|Any CPU
		{94EC6806-A408-4C2B-ABE0-316C2B9463A7}.Debug|Any CPU.ActiveCfg = Debug|Any CPU
		{94EC6806-A408-4C2B-ABE0-316C2B9463A7}.Debug|Any CPU.Build.0 = Debug|Any CPU
		{94EC6806-A408-4C2B-ABE0-316C2B9463A7}.Release|Any CPU.ActiveCfg = Release|Any CPU
		{94EC6806-A408-4C2B-ABE0-316C2B9463A7}.Release|Any CPU.Build.0 = Release|Any CPU
	EndGlobalSection
	GlobalSection(SolutionProperties) = preSolution
		HideSolutionNode = FALSE
	EndGlobalSection
	GlobalSection(ExtensibilityGlobals) = postSolution
		SolutionGuid = {B6E2B483-0C9B-4477-B41E-7E25B4290AC3}
	EndGlobalSection
EndGlobal
